{
  "name": "jeact",
  "version": "0.0.1",
  "lockfileVersion": 3,
  "requires": true,
  "packages": {
    "": {
      "name": "jeact",
      "version": "0.0.1",
      "license": "ISC"
    },
    "../../../../../AppData/Roaming/npm/node_modules/jeact": {
      "version": "0.2.0",
      "extraneous": true,
      "license": "MIT",
      "peerDependencies": {
        "jquery": "^3.5.1"
      }
    }
  }
}
